
Microsoft Visual Studio Solution File, Format Version 12.00
# Visual Studio Version 16
VisualStudioVersion = 16.0.31410.357
MinimumVisualStudioVersion = 10.0.40219.1
Project("{2150E333-8FDC-42A3-9474-1A3956D46DE8}") = "src", "src", "{6A847A52-33AB-4C56-85EC-00F6AC64C966}"
EndProject
Project("{2150E333-8FDC-42A3-9474-1A3956D46DE8}") = "Building Blocks", "Building Blocks", "{F4D979B5-1CED-4EB6-B1B6-427911802028}"
EndProject
Project("{2150E333-8FDC-42A3-9474-1A3956D46DE8}") = "Services", "Services", "{C3962247-9935-4A3A-AD49-8AAB8C271723}"
EndProject
Project("{2150E333-8FDC-42A3-9474-1A3956D46DE8}") = "Web", "Web", "{6B07107E-2867-4781-97E8-853616374E55}"
EndProject
Project("{2150E333-8FDC-42A3-9474-1A3956D46DE8}") = "MVC", "MVC", "{3311F86F-6788-45D0-B341-5724D053F753}"
EndProject
Project("{2150E333-8FDC-42A3-9474-1A3956D46DE8}") = "Core", "Core", "{8A6C89A7-52A4-4248-B90C-73D11D67C4BB}"
EndProject
Project("{FAE04EC0-301F-11D3-BF4B-00C04F79EFBC}") = "LJ.Core", "src\building blocks\LJ.Core\LJ.Core.csproj", "{7A778BC2-D47F-47CA-A7A0-780719A8C3D1}"
EndProject
Project("{FAE04EC0-301F-11D3-BF4B-00C04F79EFBC}") = "LJ.WebApp.MVC", "src\web\LJ.WebApp.MVC\LJ.WebApp.MVC.csproj", "{62034DDA-59C1-489A-AD07-4E2950144A03}"
EndProject
Project("{2150E333-8FDC-42A3-9474-1A3956D46DE8}") = "Identidade", "Identidade", "{EF26E7E6-6642-477A-B1F0-E972449CFE09}"
EndProject
Project("{2150E333-8FDC-42A3-9474-1A3956D46DE8}") = "Carrinho", "Carrinho", "{02D991AE-4284-474F-8D83-6C5FFEF03244}"
EndProject
Project("{2150E333-8FDC-42A3-9474-1A3956D46DE8}") = "Pagamento", "Pagamento", "{F0A0F2D7-8E25-461E-9549-49FABF836CC9}"
EndProject
Project("{2150E333-8FDC-42A3-9474-1A3956D46DE8}") = "Cliente", "Cliente", "{EBCEE965-D77D-4394-821E-295E204EEB94}"
EndProject
Project("{2150E333-8FDC-42A3-9474-1A3956D46DE8}") = "Catalago", "Catalago", "{E94D6D1D-E60A-4901-B7D3-DE7B1E406EE1}"
EndProject
Project("{2150E333-8FDC-42A3-9474-1A3956D46DE8}") = "Pedido", "Pedido", "{D4ED5574-8F5B-4E6A-946B-4BEAF7FA2D11}"
EndProject
Project("{FAE04EC0-301F-11D3-BF4B-00C04F79EFBC}") = "LJ.Catalago.API", "src\services\LJ.Catalago.API\LJ.Catalago.API.csproj", "{4C732FD2-9C10-49D7-A43A-45CE356F4591}"
EndProject
Project("{FAE04EC0-301F-11D3-BF4B-00C04F79EFBC}") = "LJ.Carrinho.API", "src\services\LJ.Carrinho.API\LJ.Carrinho.API.csproj", "{C3DA90CF-3F82-4A21-921D-38977B8F0A0B}"
EndProject
Project("{FAE04EC0-301F-11D3-BF4B-00C04F79EFBC}") = "LJ.Cliente.API", "src\services\LJ.Cliente.API\LJ.Cliente.API.csproj", "{368B8483-B8B2-4CD4-AD2F-125446CEE06D}"
EndProject
Project("{FAE04EC0-301F-11D3-BF4B-00C04F79EFBC}") = "LJ.Identidade.API", "src\services\LJ.Identidade.API\LJ.Identidade.API.csproj", "{0E08B7B0-7F73-4EC1-B285-A24EE59A03E5}"
EndProject
Project("{FAE04EC0-301F-11D3-BF4B-00C04F79EFBC}") = "LJ.Pedido.API", "src\services\LJ.Pedido.API\LJ.Pedido.API.csproj", "{95803D45-655B-4E0E-A7BB-39AD0EF298D7}"
EndProject
Project("{FAE04EC0-301F-11D3-BF4B-00C04F79EFBC}") = "LJ.Pagamento.API", "src\services\LJ.Pagamento.API\LJ.Pagamento.API.csproj", "{D3FB5CFD-8A39-4F85-886D-60EDEB2CC3C2}"
EndProject
Global
	GlobalSection(SolutionConfigurationPlatforms) = preSolution
		Debug|Any CPU = Debug|Any CPU
		Release|Any CPU = Release|Any CPU
	EndGlobalSection
	GlobalSection(ProjectConfigurationPlatforms) = postSolution
		{7A778BC2-D47F-47CA-A7A0-780719A8C3D1}.Debug|Any CPU.ActiveCfg = Debug|Any CPU
		{7A778BC2-D47F-47CA-A7A0-780719A8C3D1}.Debug|Any CPU.Build.0 = Debug|Any CPU
		{7A778BC2-D47F-47CA-A7A0-780719A8C3D1}.Release|Any CPU.ActiveCfg = Release|Any CPU
		{7A778BC2-D47F-47CA-A7A0-780719A8C3D1}.Release|Any CPU.Build.0 = Release|Any CPU
		{62034DDA-59C1-489A-AD07-4E2950144A03}.Debug|Any CPU.ActiveCfg = Debug|Any CPU
		{62034DDA-59C1-489A-AD07-4E2950144A03}.Debug|Any CPU.Build.0 = Debug|Any CPU
		{62034DDA-59C1-489A-AD07-4E2950144A03}.Release|Any CPU.ActiveCfg = Release|Any CPU
		{62034DDA-59C1-489A-AD07-4E2950144A03}.Release|Any CPU.Build.0 = Release|Any CPU
		{4C732FD2-9C10-49D7-A43A-45CE356F4591}.Debug|Any CPU.ActiveCfg = Debug|Any CPU
		{4C732FD2-9C10-49D7-A43A-45CE356F4591}.Debug|Any CPU.Build.0 = Debug|Any CPU
		{4C732FD2-9C10-49D7-A43A-45CE356F4591}.Release|Any CPU.ActiveCfg = Release|Any CPU
		{4C732FD2-9C10-49D7-A43A-45CE356F4591}.Release|Any CPU.Build.0 = Release|Any CPU
		{C3DA90CF-3F82-4A21-921D-38977B8F0A0B}.Debug|Any CPU.ActiveCfg = Debug|Any CPU
		{C3DA90CF-3F82-4A21-921D-38977B8F0A0B}.Debug|Any CPU.Build.0 = Debug|Any CPU
		{C3DA90CF-3F82-4A21-921D-38977B8F0A0B}.Release|Any CPU.ActiveCfg = Release|Any CPU
		{C3DA90CF-3F82-4A21-921D-38977B8F0A0B}.Release|Any CPU.Build.0 = Release|Any CPU
		{368B8483-B8B2-4CD4-AD2F-125446CEE06D}.Debug|Any CPU.ActiveCfg = Debug|Any CPU
		{368B8483-B8B2-4CD4-AD2F-125446CEE06D}.Debug|Any CPU.Build.0 = Debug|Any CPU
		{368B8483-B8B2-4CD4-AD2F-125446CEE06D}.Release|Any CPU.ActiveCfg = Release|Any CPU
		{368B8483-B8B2-4CD4-AD2F-125446CEE06D}.Release|Any CPU.Build.0 = Release|Any CPU
		{0E08B7B0-7F73-4EC1-B285-A24EE59A03E5}.Debug|Any CPU.ActiveCfg = Debug|Any CPU
		{0E08B7B0-7F73-4EC1-B285-A24EE59A03E5}.Debug|Any CPU.Build.0 = Debug|Any CPU
		{0E08B7B0-7F73-4EC1-B285-A24EE59A03E5}.Release|Any CPU.ActiveCfg = Release|Any CPU
		{0E08B7B0-7F73-4EC1-B285-A24EE59A03E5}.Release|Any CPU.Build.0 = Release|Any CPU
		{95803D45-655B-4E0E-A7BB-39AD0EF298D7}.Debug|Any CPU.ActiveCfg = Debug|Any CPU
		{95803D45-655B-4E0E-A7BB-39AD0EF298D7}.Debug|Any CPU.Build.0 = Debug|Any CPU
		{95803D45-655B-4E0E-A7BB-39AD0EF298D7}.Release|Any CPU.ActiveCfg = Release|Any CPU
		{95803D45-655B-4E0E-A7BB-39AD0EF298D7}.Release|Any CPU.Build.0 = Release|Any CPU
		{D3FB5CFD-8A39-4F85-886D-60EDEB2CC3C2}.Debug|Any CPU.ActiveCfg = Debug|Any CPU
		{D3FB5CFD-8A39-4F85-886D-60EDEB2CC3C2}.Debug|Any CPU.Build.0 = Debug|Any CPU
		{D3FB5CFD-8A39-4F85-886D-60EDEB2CC3C2}.Release|Any CPU.ActiveCfg = Release|Any CPU
		{D3FB5CFD-8A39-4F85-886D-60EDEB2CC3C2}.Release|Any CPU.Build.0 = Release|Any CPU
	EndGlobalSection
	GlobalSection(SolutionProperties) = preSolution
		HideSolutionNode = FALSE
	EndGlobalSection
	GlobalSection(NestedProjects) = preSolution
		{F4D979B5-1CED-4EB6-B1B6-427911802028} = {6A847A52-33AB-4C56-85EC-00F6AC64C966}
		{C3962247-9935-4A3A-AD49-8AAB8C271723} = {6A847A52-33AB-4C56-85EC-00F6AC64C966}
		{6B07107E-2867-4781-97E8-853616374E55} = {6A847A52-33AB-4C56-85EC-00F6AC64C966}
		{3311F86F-6788-45D0-B341-5724D053F753} = {6B07107E-2867-4781-97E8-853616374E55}
		{8A6C89A7-52A4-4248-B90C-73D11D67C4BB} = {F4D979B5-1CED-4EB6-B1B6-427911802028}
		{7A778BC2-D47F-47CA-A7A0-780719A8C3D1} = {8A6C89A7-52A4-4248-B90C-73D11D67C4BB}
		{62034DDA-59C1-489A-AD07-4E2950144A03} = {3311F86F-6788-45D0-B341-5724D053F753}
		{EF26E7E6-6642-477A-B1F0-E972449CFE09} = {C3962247-9935-4A3A-AD49-8AAB8C271723}
		{02D991AE-4284-474F-8D83-6C5FFEF03244} = {C3962247-9935-4A3A-AD49-8AAB8C271723}
		{F0A0F2D7-8E25-461E-9549-49FABF836CC9} = {C3962247-9935-4A3A-AD49-8AAB8C271723}
		{EBCEE965-D77D-4394-821E-295E204EEB94} = {C3962247-9935-4A3A-AD49-8AAB8C271723}
		{E94D6D1D-E60A-4901-B7D3-DE7B1E406EE1} = {C3962247-9935-4A3A-AD49-8AAB8C271723}
		{D4ED5574-8F5B-4E6A-946B-4BEAF7FA2D11} = {C3962247-9935-4A3A-AD49-8AAB8C271723}
		{4C732FD2-9C10-49D7-A43A-45CE356F4591} = {E94D6D1D-E60A-4901-B7D3-DE7B1E406EE1}
		{C3DA90CF-3F82-4A21-921D-38977B8F0A0B} = {02D991AE-4284-474F-8D83-6C5FFEF03244}
		{368B8483-B8B2-4CD4-AD2F-125446CEE06D} = {EBCEE965-D77D-4394-821E-295E204EEB94}
		{0E08B7B0-7F73-4EC1-B285-A24EE59A03E5} = {EF26E7E6-6642-477A-B1F0-E972449CFE09}
		{95803D45-655B-4E0E-A7BB-39AD0EF298D7} = {D4ED5574-8F5B-4E6A-946B-4BEAF7FA2D11}
		{D3FB5CFD-8A39-4F85-886D-60EDEB2CC3C2} = {F0A0F2D7-8E25-461E-9549-49FABF836CC9}
	EndGlobalSection
	GlobalSection(ExtensibilityGlobals) = postSolution
		SolutionGuid = {6632D09E-5961-4AE1-8787-B6C16609EC9D}
	EndGlobalSection
EndGlobal
